
Microsoft Visual Studio Solution File, Format Version 12.00
# Visual Studio Version 17
VisualStudioVersion = 17.5.33530.505
MinimumVisualStudioVersion = 10.0.40219.1
Project("{FAE04EC0-301F-11D3-BF4B-00C04F79EFBC}") = "CsMsbt", "src\CsMsbt.csproj", "{DF4C2AE6-2B70-4051-938D-4F1F8AC87ECA}"
EndProject
Project("{FAE04EC0-301F-11D3-BF4B-00C04F79EFBC}") = "Tests", "tests\Tests.csproj", "{08114A3F-27D2-4BA4-AF02-DD335609CDD1}"
EndProject
Global
	GlobalSection(SolutionConfigurationPlatforms) = preSolution
		Debug|Any CPU = Debug|Any CPU
		Release|Any CPU = Release|Any CPU
	EndGlobalSection
	GlobalSection(ProjectConfigurationPlatforms) = postSolution
		{DF4C2AE6-2B70-4051-938D-4F1F8AC87ECA}.Debug|Any CPU.ActiveCfg = Debug|Any CPU
		{DF4C2AE6-2B70-4051-938D-4F1F8AC87ECA}.Debug|Any CPU.Build.0 = Debug|Any CPU
		{DF4C2AE6-2B70-4051-938D-4F1F8AC87ECA}.Release|Any CPU.ActiveCfg = Release|Any CPU
		{DF4C2AE6-2B70-4051-938D-4F1F8AC87ECA}.Release|Any CPU.Build.0 = Release|Any CPU
		{08114A3F-27D2-4BA4-AF02-DD335609CDD1}.Debug|Any CPU.ActiveCfg = Debug|Any CPU
		{08114A3F-27D2-4BA4-AF02-DD335609CDD1}.Debug|Any CPU.Build.0 = Debug|Any CPU
		{08114A3F-27D2-4BA4-AF02-DD335609CDD1}.Release|Any CPU.ActiveCfg = Release|Any CPU
		{08114A3F-27D2-4BA4-AF02-DD335609CDD1}.Release|Any CPU.Build.0 = Release|Any CPU
	EndGlobalSection
	GlobalSection(SolutionProperties) = preSolution
		HideSolutionNode = FALSE
	EndGlobalSection
	GlobalSection(ExtensibilityGlobals) = postSolution
		SolutionGuid = {B5F6269A-571A-4DF3-985B-67E831EFD733}
	EndGlobalSection
EndGlobal
